
Microsoft Visual Studio Solution File, Format Version 12.00
# Visual Studio 15
VisualStudioVersion = 15.0.27428.2043
MinimumVisualStudioVersion = 10.0.40219.1
Project("{FAE04EC0-301F-11D3-BF4B-00C04F79EFBC}") = "Strings", "Strings\Strings.csproj", "{97EE2C96-4058-41D1-AC94-714E6C2111FB}"
EndProject
Global
	GlobalSection(SolutionConfigurationPlatforms) = preSolution
		Debug|Any CPU = Debug|Any CPU
		Release|Any CPU = Release|Any CPU
	EndGlobalSection
	GlobalSection(ProjectConfigurationPlatforms) = postSolution
		{97EE2C96-4058-41D1-AC94-714E6C2111FB}.Debug|Any CPU.ActiveCfg = Debug|Any CPU
		{97EE2C96-4058-41D1-AC94-714E6C2111FB}.Debug|Any CPU.Build.0 = Debug|Any CPU
		{97EE2C96-4058-41D1-AC94-714E6C2111FB}.Release|Any CPU.ActiveCfg = Release|Any CPU
		{97EE2C96-4058-41D1-AC94-714E6C2111FB}.Release|Any CPU.Build.0 = Release|Any CPU
	EndGlobalSection
	GlobalSection(SolutionProperties) = preSolution
		HideSolutionNode = FALSE
	EndGlobalSection
	GlobalSection(ExtensibilityGlobals) = postSolution
		SolutionGuid = {0CE5707C-C4E6-47C0-98D6-9871CE0EE0B1}
	EndGlobalSection
EndGlobal
